
Microsoft Visual Studio Solution File, Format Version 12.00
# Visual Studio Version 17
VisualStudioVersion = 17.11.35327.3
MinimumVisualStudioVersion = 10.0.40219.1
Project("{FAE04EC0-301F-11D3-BF4B-00C04F79EFBC}") = "Practica Excepciones", "Practica Excepciones\Practica Excepciones.csproj", "{EB753EFD-5305-4BA2-B0EC-0242C287AF79}"
EndProject
Global
	GlobalSection(SolutionConfigurationPlatforms) = preSolution
		Debug|Any CPU = Debug|Any CPU
		Release|Any CPU = Release|Any CPU
	EndGlobalSection
	GlobalSection(ProjectConfigurationPlatforms) = postSolution
		{EB753EFD-5305-4BA2-B0EC-0242C287AF79}.Debug|Any CPU.ActiveCfg = Debug|Any CPU
		{EB753EFD-5305-4BA2-B0EC-0242C287AF79}.Debug|Any CPU.Build.0 = Debug|Any CPU
		{EB753EFD-5305-4BA2-B0EC-0242C287AF79}.Release|Any CPU.ActiveCfg = Release|Any CPU
		{EB753EFD-5305-4BA2-B0EC-0242C287AF79}.Release|Any CPU.Build.0 = Release|Any CPU
	EndGlobalSection
	GlobalSection(SolutionProperties) = preSolution
		HideSolutionNode = FALSE
	EndGlobalSection
	GlobalSection(ExtensibilityGlobals) = postSolution
		SolutionGuid = {F8E3D16E-918B-45D0-8998-A68F2F106B08}
	EndGlobalSection
EndGlobal
